PODS:
  - Alamofire (3.5.0)
  - AsyncSwift (1.7.3)
  - BaiduMapKit (2.10.2)
  - CryptoSwift (0.5.2)
  - Kingfisher (2.6.0)
  - MJRefresh (3.1.12)
  - Proposer (0.9.0)
  - Realm (1.0.2):
    - Realm/Headers (= 1.0.2)
  - Realm/Headers (1.0.2)
  - RealmSwift (1.0.2):
    - Realm (= 1.0.2)
  - REFrostedViewController (2.4.8)
  - SnapKit (0.22.0)
  - Spring (1.0.3)
  - SwiftDate (3.0.8)
  - SwiftyJSON (2.3.2)
  - YYText (1.0.7)

DEPENDENCIES:
  - Alamofire (~> 3.0)
  - AsyncSwift
  - BaiduMapKit (~> 2.0)
  - CryptoSwift
  - Kingfisher (~> 2.0)
  - MJRefresh (~> 3.0)
  - Proposer
  - RealmSwift
  - REFrostedViewController (~> 2.0)
  - SnapKit
  - Spring (from `https://github.com/MengTo/Spring.git`, branch `swift2`)
  - SwiftDate (~> 3.0)
  - SwiftyJSON (~> 2.0)
  - YYText (~> 1.0.7)

EXTERNAL SOURCES:
  Spring:
    :branch: swift2
    :git: https://github.com/MengTo/Spring.git

CHECKOUT OPTIONS:
  Spring:
    :commit: 18d5c7b74489de8044e34767f856d1e574f0820e
    :git: https://github.com/MengTo/Spring.git

SPEC CHECKSUMS:
  Alamofire: b70a7352335f8ea5babd0a923eb7e8eacc67b877
  AsyncSwift: f3ad5dd077bbd1477e7573e87071a532fedaca1a
  BaiduMapKit: b1706a062597c70ec62a0cca93212cba1d3017e1
  CryptoSwift: c1ef79f901b86099a6fe8b3c7524cf9f3f3c8c40
  Kingfisher: d84c5fd176ea86cc7b8aac65fd55feda6f70f130
  MJRefresh: b96cdb21c4aa75a7b07654311ab2f315c497e806
  Proposer: 231565a8b6bbb1816f3670d6471e6a84e582c80c
  Realm: 9d5c46a4d7d27958530a8dfc58f63a99e5c2cba3
  RealmSwift: 82f3ac5e24530143dddfde2033acc0d308f27d96
  REFrostedViewController: a893b4979ba1f200c547aef9ff4c3fd5a18f5923
  SnapKit: 0dd2fd157330f1ea11fd84da13e6be8a7a22bae0
  Spring: 3f02b5dc3308572ef177b3cad0fa7bbc4b0706f7
  SwiftDate: 971f8b9394f664f2226b9c3ab64e801a7291c612
  SwiftyJSON: 04ccea08915aa0109039157c7974cf0298da292a
  YYText: 5c461d709e24d55a182d1441c41dc639a18a4849

PODFILE CHECKSUM: 20c992a7070f5ef10da5152ef969ae1b6b50dd8f

COCOAPODS: 1.1.0.beta.2
